// !$*UTF8*$!
{
	archiveVersion = 1;
	classes = {
	};
	objectVersion = 55;
	objects = {

/* Begin PBXBuildFile section */
		62B0D9842696723900AA6CF4 /* Calculator_App.swift in Sources */ = {isa = PBXBuildFile; fileRef = 62B0D9832696723900AA6CF4 /* Calculator_App.swift */; };
		62B0D9862696723900AA6CF4 /* ContentView.swift in Sources */ = {isa = PBXBuildFile; fileRef = 62B0D9852696723900AA6CF4 /* ContentView.swift */; };
		62B0D9882696724000AA6CF4 /* Assets.xcassets in Resources */ = {isa = PBXBuildFile; fileRef = 62B0D9872696724000AA6CF4 /* Assets.xcassets */; };
		62B0D98B2696724000AA6CF4 /* Preview Assets.xcassets in Resources */ = {isa = PBXBuildFile; fileRef = 62B0D98A2696724000AA6CF4 /* Preview Assets.xcassets */; };
		62B0D9952696724000AA6CF4 /* Calculator_Tests.swift in Sources */ = {isa = PBXBuildFile; fileRef = 62B0D9942696724000AA6CF4 /* Calculator_Tests.swift */; };
		62B0D99F2696724000AA6CF4 /* Calculator_UITests.swift in Sources */ = {isa = PBXBuildFile; fileRef = 62B0D99E2696724000AA6CF4 /* Calculator_UITests.swift */; };
/* End PBXBuildFile section */

/* Begin PBXContainerItemProxy section */
		62B0D9912696724000AA6CF4 /* PBXContainerItemProxy */ = {
			isa = PBXContainerItemProxy;
			containerPortal = 62B0D9782696723900AA6CF4 /* Project object */;
			proxyType = 1;
			remoteGlobalIDString = 62B0D97F2696723900AA6CF4;
			remoteInfo = "Calculator+";
		};
		62B0D99B2696724000AA6CF4 /* PBXContainerItemProxy */ = {
			isa = PBXContainerItemProxy;
			containerPortal = 62B0D9782696723900AA6CF4 /* Project object */;
			proxyType = 1;
			remoteGlobalIDString = 62B0D97F2696723900AA6CF4;
			remoteInfo = "Calculator+";
		};
/* End PBXContainerItemProxy section */

/* Begin PBXFileReference section */
		62B0D9802696723900AA6CF4 /* Calculator+.app */ = {isa = PBXFileReference; explicitFileType = wrapper.application; includeInIndex = 0; path = "Calculator+.app"; sourceTree = BUILT_PRODUCTS_DIR; };
		62B0D9832696723900AA6CF4 /* Calculator_App.swift */ = {isa = PBXFileReference; lastKnownFileType = sourcecode.swift; path = Calculator_App.swift; sourceTree = "<group>"; };
		62B0D9852696723900AA6CF4 /* ContentView.swift */ = {isa = PBXFileReference; lastKnownFileType = sourcecode.swift; path = ContentView.swift; sourceTree = "<group>"; };
		62B0D9872696724000AA6CF4 /* Assets.xcassets */ = {isa = PBXFileReference; lastKnownFileType = folder.assetcatalog; path = Assets.xcassets; sourceTree = "<group>"; };
		62B0D98A2696724000AA6CF4 /* Preview Assets.xcassets */ = {isa = PBXFileReference; lastKnownFileType = folder.assetcatalog; path = "Preview Assets.xcassets"; sourceTree = "<group>"; };
		62B0D9902696724000AA6CF4 /* Calculator+Tests.xctest */ = {isa = PBXFileReference; explicitFileType = wrapper.cfbundle; includeInIndex = 0; path = "Calculator+Tests.xctest"; sourceTree = BUILT_PRODUCTS_DIR; };
		62B0D9942696724000AA6CF4 /* Calculator_Tests.swift */ = {isa = PBXFileReference; lastKnownFileType = sourcecode.swift; path = Calculator_Tests.swift; sourceTree = "<group>"; };
		62B0D99A2696724000AA6CF4 /* Calculator+UITests.xctest */ = {isa = PBXFileReference; explicitFileType = wrapper.cfbundle; includeInIndex = 0; path = "Calculator+UITests.xctest"; sourceTree = BUILT_PRODUCTS_DIR; };
		62B0D99E2696724000AA6CF4 /* Calculator_UITests.swift */ = {isa = PBXFileReference; lastKnownFileType = sourcecode.swift; path = Calculator_UITests.swift; sourceTree = "<group>"; };
/* End PBXFileReference section */

/* Begin PBXFrameworksBuildPhase section */
		62B0D97D2696723900AA6CF4 /* Frameworks */ = {
			isa = PBXFrameworksBuildPhase;
			buildActionMask = 2147483647;
			files = (
			);
			runOnlyForDeploymentPostprocessing = 0;
		};
		62B0D98D2696724000AA6CF4 /* Frameworks */ = {
			isa = PBXFrameworksBuildPhase;
			buildActionMask = 2147483647;
			files = (
			);
			runOnlyForDeploymentPostprocessing = 0;
		};
		62B0D9972696724000AA6CF4 /* Frameworks */ = {
			isa = PBXFrameworksBuildPhase;
			buildActionMask = 2147483647;
			files = (
			);
			runOnlyForDeploymentPostprocessing = 0;
		};
/* End PBXFrameworksBuildPhase section */

/* Begin PBXGroup section */
		62B0D9772696723900AA6CF4 = {
			isa = PBXGroup;
			children = (
				62B0D9822696723900AA6CF4 /* Calculator+ */,
				62B0D9932696724000AA6CF4 /* Calculator+Tests */,
				62B0D99D2696724000AA6CF4 /* Calculator+UITests */,
				62B0D9812696723900AA6CF4 /* Products */,
			);
			sourceTree = "<group>";
		};
		62B0D9812696723900AA6CF4 /* Products */ = {
			isa = PBXGroup;
			children = (
				62B0D9802696723900AA6CF4 /* Calculator+.app */,
				62B0D9902696724000AA6CF4 /* Calculator+Tests.xctest */,
				62B0D99A2696724000AA6CF4 /* Calculator+UITests.xctest */,
			);
			name = Products;
			sourceTree = "<group>";
		};
		62B0D9822696723900AA6CF4 /* Calculator+ */ = {
			isa = PBXGroup;
			children = (
				62B0D9832696723900AA6CF4 /* Calculator_App.swift */,
				62B0D9852696723900AA6CF4 /* ContentView.swift */,
				62B0D9872696724000AA6CF4 /* Assets.xcassets */,
				62B0D9892696724000AA6CF4 /* Preview Content */,
			);
			path = "Calculator+";
			sourceTree = "<group>";
		};
		62B0D9892696724000AA6CF4 /* Preview Content */ = {
			isa = PBXGroup;
			children = (
				62B0D98A2696724000AA6CF4 /* Preview Assets.xcassets */,
			);
			path = "Preview Content";
			sourceTree = "<group>";
		};
		62B0D9932696724000AA6CF4 /* Calculator+Tests */ = {
			isa = PBXGroup;
			children = (
				62B0D9942696724000AA6CF4 /* Calculator_Tests.swift */,
			);
			path = "Calculator+Tests";
			sourceTree = "<group>";
		};
		62B0D99D2696724000AA6CF4 /* Calculator+UITests */ = {
			isa = PBXGroup;
			children = (
				62B0D99E2696724000AA6CF4 /* Calculator_UITests.swift */,
			);
			path = "Calculator+UITests";
			sourceTree = "<group>";
		};
/* End PBXGroup section */

/* Begin PBXNativeTarget section */
		62B0D97F2696723900AA6CF4 /* Calculator+ */ = {
			isa = PBXNativeTarget;
			buildConfigurationList = 62B0D9A22696724000AA6CF4 /* Build configuration list for PBXNativeTarget "Calculator+" */;
			buildPhases = (
				62B0D97C2696723900AA6CF4 /* Sources */,
				62B0D97D2696723900AA6CF4 /* Frameworks */,
				62B0D97E2696723900AA6CF4 /* Resources */,
			);
			buildRules = (
			);
			dependencies = (
			);
			name = "Calculator+";
			productName = "Calculator+";
			productReference = 62B0D9802696723900AA6CF4 /* Calculator+.app */;
			productType = "com.apple.product-type.application";
		};
		62B0D98F2696724000AA6CF4 /* Calculator+Tests */ = {
			isa = PBXNativeTarget;
			buildConfigurationList = 62B0D9A52696724000AA6CF4 /* Build configuration list for PBXNativeTarget "Calculator+Tests" */;
			buildPhases = (
				62B0D98C2696724000AA6CF4 /* Sources */,
				62B0D98D2696724000AA6CF4 /* Frameworks */,
				62B0D98E2696724000AA6CF4 /* Resources */,
			);
			buildRules = (
			);
			dependencies = (
				62B0D9922696724000AA6CF4 /* PBXTargetDependency */,
			);
			name = "Calculator+Tests";
			productName = "Calculator+Tests";
			productReference = 62B0D9902696724000AA6CF4 /* Calculator+Tests.xctest */;
			productType = "com.apple.product-type.bundle.unit-test";
		};
		62B0D9992696724000AA6CF4 /* Calculator+UITests */ = {
			isa = PBXNativeTarget;
			buildConfigurationList = 62B0D9A82696724000AA6CF4 /* Build configuration list for PBXNativeTarget "Calculator+UITests" */;
			buildPhases = (
				62B0D9962696724000AA6CF4 /* Sources */,
				62B0D9972696724000AA6CF4 /* Frameworks */,
				62B0D9982696724000AA6CF4 /* Resources */,
			);
			buildRules = (
			);
			dependencies = (
				62B0D99C2696724000AA6CF4 /* PBXTargetDependency */,
			);
			name = "Calculator+UITests";
			productName = "Calculator+UITests";
			productReference = 62B0D99A2696724000AA6CF4 /* Calculator+UITests.xctest */;
			productType = "com.apple.product-type.bundle.ui-testing";
		};
/* End PBXNativeTarget section */

/* Begin PBXProject section */
		62B0D9782696723900AA6CF4 /* Project object */ = {
			isa = PBXProject;
			attributes = {
				BuildIndependentTargetsInParallel = 1;
				LastSwiftUpdateCheck = 1300;
				LastUpgradeCheck = 1300;
				TargetAttributes = {
					62B0D97F2696723900AA6CF4 = {
						CreatedOnToolsVersion = 13.0;
					};
					62B0D98F2696724000AA6CF4 = {
						CreatedOnToolsVersion = 13.0;
						TestTargetID = 62B0D97F2696723900AA6CF4;
					};
					62B0D9992696724000AA6CF4 = {
						CreatedOnToolsVersion = 13.0;
						TestTargetID = 62B0D97F2696723900AA6CF4;
					};
				};
			};
			buildConfigurationList = 62B0D97B2696723900AA6CF4 /* Build configuration list for PBXProject "Calculator+" */;
			compatibilityVersion = "Xcode 13.0";
			developmentRegion = en;
			hasScannedForEncodings = 0;
			knownRegions = (
				en,
				Base,
			);
			mainGroup = 62B0D9772696723900AA6CF4;
			productRefGroup = 62B0D9812696723900AA6CF4 /* Products */;
			projectDirPath = "";
			projectRoot = "";
			targets = (
				62B0D97F2696723900AA6CF4 /* Calculator+ */,
				62B0D98F2696724000AA6CF4 /* Calculator+Tests */,
				62B0D9992696724000AA6CF4 /* Calculator+UITests */,
			);
		};
/* End PBXProject section */

/* Begin PBXResourcesBuildPhase section */
		62B0D97E2696723900AA6CF4 /* Resources */ = {
			isa = PBXResourcesBuildPhase;
			buildActionMask = 2147483647;
			files = (
				62B0D98B2696724000AA6CF4 /* Preview Assets.xcassets in Resources */,
				62B0D9882696724000AA6CF4 /* Assets.xcassets in Resources */,
			);
			runOnlyForDeploymentPostprocessing = 0;
		};
		62B0D98E2696724000AA6CF4 /* Resources */ = {
			isa = PBXResourcesBuildPhase;
			buildActionMask = 2147483647;
			files = (
			);
			runOnlyForDeploymentPostprocessing = 0;
		};
		62B0D9982696724000AA6CF4 /* Resources */ = {
			isa = PBXResourcesBuildPhase;
			buildActionMask = 2147483647;
			files = (
			);
			runOnlyForDeploymentPostprocessing = 0;
		};
/* End PBXResourcesBuildPhase section */

/* Begin PBXSourcesBuildPhase section */
		62B0D97C2696723900AA6CF4 /* Sources */ = {
			isa = PBXSourcesBuildPhase;
			buildActionMask = 2147483647;
			files = (
				62B0D9862696723900AA6CF4 /* ContentView.swift in Sources */,
				62B0D9842696723900AA6CF4 /* Calculator_App.swift in Sources */,
			);
			runOnlyForDeploymentPostprocessing = 0;
		};
		62B0D98C2696724000AA6CF4 /* Sources */ = {
			isa = PBXSourcesBuildPhase;
			buildActionMask = 2147483647;
			files = (
				62B0D9952696724000AA6CF4 /* Calculator_Tests.swift in Sources */,
			);
			runOnlyForDeploymentPostprocessing = 0;
		};
		62B0D9962696724000AA6CF4 /* Sources */ = {
			isa = PBXSourcesBuildPhase;
			buildActionMask = 2147483647;
			files = (
				62B0D99F2696724000AA6CF4 /* Calculator_UITests.swift in Sources */,
			);
			runOnlyForDeploymentPostprocessing = 0;
		};
/* End PBXSourcesBuildPhase section */

/* Begin PBXTargetDependency section */
		62B0D9922696724000AA6CF4 /* PBXTargetDependency */ = {
			isa = PBXTargetDependency;
			target = 62B0D97F2696723900AA6CF4 /* Calculator+ */;
			targetProxy = 62B0D9912696724000AA6CF4 /* PBXContainerItemProxy */;
		};
		62B0D99C2696724000AA6CF4 /* PBXTargetDependency */ = {
			isa = PBXTargetDependency;
			target = 62B0D97F2696723900AA6CF4 /* Calculator+ */;
			targetProxy = 62B0D99B2696724000AA6CF4 /* PBXContainerItemProxy */;
		};
/* End PBXTargetDependency section */

/* Begin XCBuildConfiguration section */
		62B0D9A02696724000AA6CF4 /* Debug */ = {
			isa = XCBuildConfiguration;
			buildSettings = {
				ALWAYS_SEARCH_USER_PATHS = NO;
				CLANG_ANALYZER_NONNULL = YES;
				CLANG_ANALYZER_NUMBER_OBJECT_CONVERSION = YES_AGGRESSIVE;
				CLANG_CXX_LANGUAGE_STANDARD = "gnu++14";
				CLANG_CXX_LIBRARY = "libc++";
				CLANG_ENABLE_MODULES = YES;
				CLANG_ENABLE_OBJC_ARC = YES;
				CLANG_ENABLE_OBJC_WEAK = YES;
				CLANG_WARN_BLOCK_CAPTURE_AUTORELEASING = YES;
				CLANG_WARN_BOOL_CONVERSION = YES;
				CLANG_WARN_COMMA = YES;
				CLANG_WARN_CONSTANT_CONVERSION = YES;
				CLANG_WARN_DEPRECATED_OBJC_IMPLEMENTATIONS = YES;
				CLANG_WARN_DIRECT_OBJC_ISA_USAGE = YES_ERROR;
				CLANG_WARN_DOCUMENTATION_COMMENTS = YES;
				CLANG_WARN_EMPTY_BODY = YES;
				CLANG_WARN_ENUM_CONVERSION = YES;
				CLANG_WARN_INFINITE_RECURSION = YES;
				CLANG_WARN_INT_CONVERSION = YES;
				CLANG_WARN_NON_LITERAL_NULL_CONVERSION = YES;
				CLANG_WARN_OBJC_IMPLICIT_RETAIN_SELF = YES;
				CLANG_WARN_OBJC_LITERAL_CONVERSION = YES;
				CLANG_WARN_OBJC_ROOT_CLASS = YES_ERROR;
				CLANG_WARN_QUOTED_INCLUDE_IN_FRAMEWORK_HEADER = YES;
				CLANG_WARN_RANGE_LOOP_ANALYSIS = YES;
				CLANG_WARN_STRICT_PROTOTYPES = YES;
				CLANG_WARN_SUSPICIOUS_MOVE = YES;
				CLANG_WARN_UNGUARDED_AVAILABILITY = YES_AGGRESSIVE;
				CLANG_WARN_UNREACHABLE_CODE = YES;
				CLANG_WARN__DUPLICATE_METHOD_MATCH = YES;
				COPY_PHASE_STRIP = NO;
				DEBUG_INFORMATION_FORMAT = dwarf;
				ENABLE_STRICT_OBJC_MSGSEND = YES;
				ENABLE_TESTABILITY = YES;
				GCC_C_LANGUAGE_STANDARD = gnu11;
				GCC_DYNAMIC_NO_PIC = NO;
				GCC_NO_COMMON_BLOCKS = YES;
				GCC_OPTIMIZATION_LEVEL = 0;
				GCC_PREPROCESSOR_DEFINITIONS = (
					"DEBUG=1",
					"$(inherited)",
				);
				GCC_WARN_64_TO_32_BIT_CONVERSION = YES;
				GCC_WARN_ABOUT_RETURN_TYPE = YES_ERROR;
				GCC_WARN_UNDECLARED_SELECTOR = YES;
				GCC_WARN_UNINITIALIZED_AUTOS = YES_AGGRESSIVE;
				GCC_WARN_UNUSED_FUNCTION = YES;
				GCC_WARN_UNUSED_VARIABLE = YES;
				IPHONEOS_DEPLOYMENT_TARGET = 15.0;
				MTL_ENABLE_DEBUG_INFO = INCLUDE_SOURCE;
				MTL_FAST_MATH = YES;
				ONLY_ACTIVE_ARCH = YES;
				SDKROOT = iphoneos;
				SWIFT_ACTIVE_COMPILATION_CONDITIONS = DEBUG;
				SWIFT_OPTIMIZATION_LEVEL = "-Onone";
			};
			name = Debug;
		};
		62B0D9A12696724000AA6CF4 /* Release */ = {
			isa = XCBuildConfiguration;
			buildSettings = {
				ALWAYS_SEARCH_USER_PATHS = NO;
				CLANG_ANALYZER_NONNULL = YES;
				CLANG_ANALYZER_NUMBER_OBJECT_CONVERSION = YES_AGGRESSIVE;
				CLANG_CXX_LANGUAGE_STANDARD = "gnu++14";
				CLANG_CXX_LIBRARY = "libc++";
				CLANG_ENABLE_MODULES = YES;
				CLANG_ENABLE_OBJC_ARC = YES;
				CLANG_ENABLE_OBJC_WEAK = YES;
				CLANG_WARN_BLOCK_CAPTURE_AUTORELEASING = YES;
				CLANG_WARN_BOOL_CONVERSION = YES;
				CLANG_WARN_COMMA = YES;
				CLANG_WARN_CONSTANT_CONVERSION = YES;
				CLANG_WARN_DEPRECATED_OBJC_IMPLEMENTATIONS = YES;
				CLANG_WARN_DIRECT_OBJC_ISA_USAGE = YES_ERROR;
				CLANG_WARN_DOCUMENTATION_COMMENTS = YES;
				CLANG_WARN_EMPTY_BODY = YES;
				CLANG_WARN_ENUM_CONVERSION = YES;
				CLANG_WARN_INFINITE_RECURSION = YES;
				CLANG_WARN_INT_CONVERSION = YES;
				CLANG_WARN_NON_LITERAL_NULL_CONVERSION = YES;
				CLANG_WARN_OBJC_IMPLICIT_RETAIN_SELF = YES;
				CLANG_WARN_OBJC_LITERAL_CONVERSION = YES;
				CLANG_WARN_OBJC_ROOT_CLASS = YES_ERROR;
				CLANG_WARN_QUOTED_INCLUDE_IN_FRAMEWORK_HEADER = YES;
				CLANG_WARN_RANGE_LOOP_ANALYSIS = YES;
				CLANG_WARN_STRICT_PROTOTYPES = YES;
				CLANG_WARN_SUSPICIOUS_MOVE = YES;
				CLANG_WARN_UNGUARDED_AVAILABILITY = YES_AGGRESSIVE;
				CLANG_WARN_UNREACHABLE_CODE = YES;
				CLANG_WARN__DUPLICATE_METHOD_MATCH = YES;
				COPY_PHASE_STRIP = NO;
				DEBUG_INFORMATION_FORMAT = "dwarf-with-dsym";
				ENABLE_NS_ASSERTIONS = NO;
				ENABLE_STRICT_OBJC_MSGSEND = YES;
				GCC_C_LANGUAGE_STANDARD = gnu11;
				GCC_NO_COMMON_BLOCKS = YES;
				GCC_WARN_64_TO_32_BIT_CONVERSION = YES;
				GCC_WARN_ABOUT_RETURN_TYPE = YES_ERROR;
				GCC_WARN_UNDECLARED_SELECTOR = YES;
				GCC_WARN_UNINITIALIZED_AUTOS = YES_AGGRESSIVE;
				GCC_WARN_UNUSED_FUNCTION = YES;
				GCC_WARN_UNUSED_VARIABLE = YES;
				IPHONEOS_DEPLOYMENT_TARGET = 15.0;
				MTL_ENABLE_DEBUG_INFO = NO;
				MTL_FAST_MATH = YES;
				SDKROOT = iphoneos;
				SWIFT_COMPILATION_MODE = wholemodule;
				SWIFT_OPTIMIZATION_LEVEL = "-O";
				VALIDATE_PRODUCT = YES;
			};
			name = Release;
		};
		62B0D9A32696724000AA6CF4 /* Debug */ = {
			isa = XCBuildConfiguration;
			buildSettings = {
				ASSETCATALOG_COMPILER_APPICON_NAME = AppIcon;
				ASSETCATALOG_COMPILER_GLOBAL_ACCENT_COLOR_NAME = AccentColor;
				CODE_SIGN_STYLE = Automatic;
				CURRENT_PROJECT_VERSION = 1;
				DEVELOPMENT_ASSET_PATHS = "\"Calculator+/Preview Content\"";
				DEVELOPMENT_TEAM = TNL6P3HKQQ;
				ENABLE_PREVIEWS = YES;
				GENERATE_INFOPLIST_FILE = YES;
				INFOPLIST_KEY_UIApplicationSceneManifest_Generation = YES;
				INFOPLIST_KEY_UIApplicationSupportsIndirectInputEvents = YES;
				INFOPLIST_KEY_UILaunchScreen_Generation = YES;
				INFOPLIST_KEY_UISupportedInterfaceOrientations_iPad = "UIInterfaceOrientationPortrait UIInterfaceOrientationPortraitUpsideDown UIInterfaceOrientationLandscapeLeft UIInterfaceOrientationLandscapeRight";
				INFOPLIST_KEY_UISupportedInterfaceOrientations_iPhone = "UIInterfaceOrientationPortrait UIInterfaceOrientationLandscapeLeft UIInterfaceOrientationLandscapeRight";
				IPHONEOS_DEPLOYMENT_TARGET = 14.0;
				LD_RUNPATH_SEARCH_PATHS = (
					"$(inherited)",
					"@executable_path/Frameworks",
				);
				MARKETING_VERSION = 1.0;
				PRODUCT_BUNDLE_IDENTIFIER = jevonmao.CalculatorPlus;
				PRODUCT_NAME = "$(TARGET_NAME)";
				SWIFT_EMIT_LOC_STRINGS = YES;
				SWIFT_VERSION = 5.0;
				TARGETED_DEVICE_FAMILY = "1,2";
			};
			name = Debug;
		};
		62B0D9A42696724000AA6CF4 /* Release */ = {
			isa = XCBuildConfiguration;
			buildSettings = {
				ASSETCATALOG_COMPILER_APPICON_NAME = AppIcon;
				ASSETCATALOG_COMPILER_GLOBAL_ACCENT_COLOR_NAME = AccentColor;
				CODE_SIGN_STYLE = Automatic;
				CURRENT_PROJECT_VERSION = 1;
				DEVELOPMENT_ASSET_PATHS = "\"Calculator+/Preview Content\"";
				DEVELOPMENT_TEAM = TNL6P3HKQQ;
				ENABLE_PREVIEWS = YES;
				GENERATE_INFOPLIST_FILE = YES;
				INFOPLIST_KEY_UIApplicationSceneManifest_Generation = YES;
				INFOPLIST_KEY_UIApplicationSupportsIndirectInputEvents = YES;
				INFOPLIST_KEY_UILaunchScreen_Generation = YES;
				INFOPLIST_KEY_UISupportedInterfaceOrientations_iPad = "UIInterfaceOrientationPortrait UIInterfaceOrientationPortraitUpsideDown UIInterfaceOrientationLandscapeLeft UIInterfaceOrientationLandscapeRight";
				INFOPLIST_KEY_UISupportedInterfaceOrientations_iPhone = "UIInterfaceOrientationPortrait UIInterfaceOrientationLandscapeLeft UIInterfaceOrientationLandscapeRight";
				IPHONEOS_DEPLOYMENT_TARGET = 14.0;
				LD_RUNPATH_SEARCH_PATHS = (
					"$(inherited)",
					"@executable_path/Frameworks",
				);
				MARKETING_VERSION = 1.0;
				PRODUCT_BUNDLE_IDENTIFIER = jevonmao.CalculatorPlus;
				PRODUCT_NAME = "$(TARGET_NAME)";
				SWIFT_EMIT_LOC_STRINGS = YES;
				SWIFT_VERSION = 5.0;
				TARGETED_DEVICE_FAMILY = "1,2";
			};
			name = Release;
		};
		62B0D9A62696724000AA6CF4 /* Debug */ = {
			isa = XCBuildConfiguration;
			buildSettings = {
				ALWAYS_EMBED_SWIFT_STANDARD_LIBRARIES = YES;
				BUNDLE_LOADER = "$(TEST_HOST)";
				CODE_SIGN_STYLE = Automatic;
				CURRENT_PROJECT_VERSION = 1;
				DEVELOPMENT_TEAM = TNL6P3HKQQ;
				GENERATE_INFOPLIST_FILE = YES;
				IPHONEOS_DEPLOYMENT_TARGET = 14.0;
				LD_RUNPATH_SEARCH_PATHS = (
					"$(inherited)",
					"@executable_path/Frameworks",
					"@loader_path/Frameworks",
				);
				MARKETING_VERSION = 1.0;
				PRODUCT_BUNDLE_IDENTIFIER = "jevonmao.Calculator-Tests";
				PRODUCT_NAME = "$(TARGET_NAME)";
				SWIFT_EMIT_LOC_STRINGS = NO;
				SWIFT_VERSION = 5.0;
				TARGETED_DEVICE_FAMILY = "1,2";
				TEST_HOST = "$(BUILT_PRODUCTS_DIR)/Calculator+.app/Calculator+";
			};
			name = Debug;
		};
		62B0D9A72696724000AA6CF4 /* Release */ = {
			isa = XCBuildConfiguration;
			buildSettings = {
				ALWAYS_EMBED_SWIFT_STANDARD_LIBRARIES = YES;
				BUNDLE_LOADER = "$(TEST_HOST)";
				CODE_SIGN_STYLE = Automatic;
				CURRENT_PROJECT_VERSION = 1;
				DEVELOPMENT_TEAM = TNL6P3HKQQ;
				GENERATE_INFOPLIST_FILE = YES;
				IPHONEOS_DEPLOYMENT_TARGET = 14.0;
				LD_RUNPATH_SEARCH_PATHS = (
					"$(inherited)",
					"@executable_path/Frameworks",
					"@loader_path/Frameworks",
				);
				MARKETING_VERSION = 1.0;
				PRODUCT_BUNDLE_IDENTIFIER = "jevonmao.Calculator-Tests";
				PRODUCT_NAME = "$(TARGET_NAME)";
				SWIFT_EMIT_LOC_STRINGS = NO;
				SWIFT_VERSION = 5.0;
				TARGETED_DEVICE_FAMILY = "1,2";
				TEST_HOST = "$(BUILT_PRODUCTS_DIR)/Calculator+.app/Calculator+";
			};
			name = Release;
		};
		62B0D9A92696724000AA6CF4 /* Debug */ = {
			isa = XCBuildConfiguration;
			buildSettings = {
				ALWAYS_EMBED_SWIFT_STANDARD_LIBRARIES = YES;
				CODE_SIGN_STYLE = Automatic;
				CURRENT_PROJECT_VERSION = 1;
				DEVELOPMENT_TEAM = TNL6P3HKQQ;
				GENERATE_INFOPLIST_FILE = YES;
				LD_RUNPATH_SEARCH_PATHS = (
					"$(inherited)",
					"@executable_path/Frameworks",
					"@loader_path/Frameworks",
				);
				MARKETING_VERSION = 1.0;
				PRODUCT_BUNDLE_IDENTIFIER = "jevonmao.Calculator-UITests";
				PRODUCT_NAME = "$(TARGET_NAME)";
				SWIFT_EMIT_LOC_STRINGS = NO;
				SWIFT_VERSION = 5.0;
				TARGETED_DEVICE_FAMILY = "1,2";
				TEST_TARGET_NAME = "Calculator+";
			};
			name = Debug;
		};
		62B0D9AA2696724000AA6CF4 /* Release */ = {
			isa = XCBuildConfiguration;
			buildSettings = {
				ALWAYS_EMBED_SWIFT_STANDARD_LIBRARIES = YES;
				CODE_SIGN_STYLE = Automatic;
				CURRENT_PROJECT_VERSION = 1;
				DEVELOPMENT_TEAM = TNL6P3HKQQ;
				GENERATE_INFOPLIST_FILE = YES;
				LD_RUNPATH_SEARCH_PATHS = (
					"$(inherited)",
					"@executable_path/Frameworks",
					"@loader_path/Frameworks",
				);
				MARKETING_VERSION = 1.0;
				PRODUCT_BUNDLE_IDENTIFIER = "jevonmao.Calculator-UITests";
				PRODUCT_NAME = "$(TARGET_NAME)";
				SWIFT_EMIT_LOC_STRINGS = NO;
				SWIFT_VERSION = 5.0;
				TARGETED_DEVICE_FAMILY = "1,2";
				TEST_TARGET_NAME = "Calculator+";
			};
			name = Release;
		};
/* End XCBuildConfiguration section */

/* Begin XCConfigurationList section */
		62B0D97B2696723900AA6CF4 /* Build configuration list for PBXProject "Calculator+" */ = {
			isa = XCConfigurationList;
			buildConfigurations = (
				62B0D9A02696724000AA6CF4 /* Debug */,
				62B0D9A12696724000AA6CF4 /* Release */,
			);
			defaultConfigurationIsVisible = 0;
			defaultConfigurationName = Release;
		};
		62B0D9A22696724000AA6CF4 /* Build configuration list for PBXNativeTarget "Calculator+" */ = {
			isa = XCConfigurationList;
			buildConfigurations = (
				62B0D9A32696724000AA6CF4 /* Debug */,
				62B0D9A42696724000AA6CF4 /* Release */,
			);
			defaultConfigurationIsVisible = 0;
			defaultConfigurationName = Release;
		};
		62B0D9A52696724000AA6CF4 /* Build configuration list for PBXNativeTarget "Calculator+Tests" */ = {
			isa = XCConfigurationList;
			buildConfigurations = (
				62B0D9A62696724000AA6CF4 /* Debug */,
				62B0D9A72696724000AA6CF4 /* Release */,
			);
			defaultConfigurationIsVisible = 0;
			defaultConfigurationName = Release;
		};
		62B0D9A82696724000AA6CF4 /* Build configuration list for PBXNativeTarget "Calculator+UITests" */ = {
			isa = XCConfigurationList;
			buildConfigurations = (
				62B0D9A92696724000AA6CF4 /* Debug */,
				62B0D9AA2696724000AA6CF4 /* Release */,
			);
			defaultConfigurationIsVisible = 0;
			defaultConfigurationName = Release;
		};
/* End XCConfigurationList section */
	};
	rootObject = 62B0D9782696723900AA6CF4 /* Project object */;
}
